
Microsoft Visual Studio Solution File, Format Version 12.00
# Visual Studio 2012
Project("{FAE04EC0-301F-11D3-BF4B-00C04F79EFBC}") = "ASP Hello Word", "ASP Hello Word\ASP Hello Word.csproj", "{82952BF5-2589-459E-8477-B94FB7A7308A}"
EndProject
Global
	GlobalSection(SolutionConfigurationPlatforms) = preSolution
		Debug|Any CPU = Debug|Any CPU
		Release|Any CPU = Release|Any CPU
	EndGlobalSection
	GlobalSection(ProjectConfigurationPlatforms) = postSolution
		{82952BF5-2589-459E-8477-B94FB7A7308A}.Debug|Any CPU.ActiveCfg = Debug|Any CPU
		{82952BF5-2589-459E-8477-B94FB7A7308A}.Debug|Any CPU.Build.0 = Debug|Any CPU
		{82952BF5-2589-459E-8477-B94FB7A7308A}.Release|Any CPU.ActiveCfg = Release|Any CPU
		{82952BF5-2589-459E-8477-B94FB7A7308A}.Release|Any CPU.Build.0 = Release|Any CPU
	EndGlobalSection
	GlobalSection(SolutionProperties) = preSolution
		HideSolutionNode = FALSE
	EndGlobalSection
EndGlobal
